Microsoft Visual Studio Solution File, Format Version 12.00
# Visual Studio Version 17
VisualStudioVersion = 17.5.2.0
MinimumVisualStudioVersion = 10.0.40219.1
Project("{FAE04EC0-301F-11D3-BF4B-00C04F79EFBC}") = "PersonasAPI", "Ejemplo_API_Web\Ejemplo_API_Web.csproj", "{47D1EAB3-A564-1F40-4251-ACD1687D6C9C}"
EndProject
Global
	GlobalSection(SolutionConfigurationPlatforms) = preSolution
		Debug|Any CPU = Debug|Any CPU
		Release|Any CPU = Release|Any CPU
	EndGlobalSection
	GlobalSection(ProjectConfigurationPlatforms) = postSolution
		{47D1EAB3-A564-1F40-4251-ACD1687D6C9C}.Debug|Any CPU.ActiveCfg = Debug|Any CPU
		{47D1EAB3-A564-1F40-4251-ACD1687D6C9C}.Debug|Any CPU.Build.0 = Debug|Any CPU
		{47D1EAB3-A564-1F40-4251-ACD1687D6C9C}.Release|Any CPU.ActiveCfg = Release|Any CPU
		{47D1EAB3-A564-1F40-4251-ACD1687D6C9C}.Release|Any CPU.Build.0 = Release|Any CPU
	EndGlobalSection
	GlobalSection(SolutionProperties) = preSolution
		HideSolutionNode = FALSE
	EndGlobalSection
	GlobalSection(NestedProjects) = preSolution
		{47D1EAB3-A564-1F40-4251-ACD1687D6C9C} = {C11998D1-EC1A-BF83-3A72-1B614D0B0128}
	EndGlobalSection
	GlobalSection(ExtensibilityGlobals) = postSolution
		SolutionGuid = {3A358C65-E253-4048-8A01-8999A83F741A}
	EndGlobalSection
EndGlobal
